
Microsoft Visual Studio Solution File, Format Version 12.00
# Visual Studio Version 16
VisualStudioVersion = 16.0.31729.503
MinimumVisualStudioVersion = 10.0.40219.1
Project("{FAE04EC0-301F-11D3-BF4B-00C04F79EFBC}") = "MongoDB.Examples", "MongoDB.Examples\MongoDB.Examples.csproj", "{01191BBB-6451-4D98-89BF-4E2E0CDA26CF}"
EndProject
Project("{FAE04EC0-301F-11D3-BF4B-00C04F79EFBC}") = "MongoDB.ConsoleExample_1", "MongoDB.ConsoleExample_1\MongoDB.ConsoleExample_1.csproj", "{031AEA6C-997B-4985-832B-96AE331FCAB3}"
EndProject
Global
	GlobalSection(SolutionConfigurationPlatforms) = preSolution
		Debug|Any CPU = Debug|Any CPU
		Release|Any CPU = Release|Any CPU
	EndGlobalSection
	GlobalSection(ProjectConfigurationPlatforms) = postSolution
		{01191BBB-6451-4D98-89BF-4E2E0CDA26CF}.Debug|Any CPU.ActiveCfg = Debug|Any CPU
		{01191BBB-6451-4D98-89BF-4E2E0CDA26CF}.Debug|Any CPU.Build.0 = Debug|Any CPU
		{01191BBB-6451-4D98-89BF-4E2E0CDA26CF}.Release|Any CPU.ActiveCfg = Release|Any CPU
		{01191BBB-6451-4D98-89BF-4E2E0CDA26CF}.Release|Any CPU.Build.0 = Release|Any CPU
		{031AEA6C-997B-4985-832B-96AE331FCAB3}.Debug|Any CPU.ActiveCfg = Debug|Any CPU
		{031AEA6C-997B-4985-832B-96AE331FCAB3}.Debug|Any CPU.Build.0 = Debug|Any CPU
		{031AEA6C-997B-4985-832B-96AE331FCAB3}.Release|Any CPU.ActiveCfg = Release|Any CPU
		{031AEA6C-997B-4985-832B-96AE331FCAB3}.Release|Any CPU.Build.0 = Release|Any CPU
	EndGlobalSection
	GlobalSection(SolutionProperties) = preSolution
		HideSolutionNode = FALSE
	EndGlobalSection
	GlobalSection(ExtensibilityGlobals) = postSolution
		SolutionGuid = {8146E342-5110-4EAE-8FDB-736EE1D115AD}
	EndGlobalSection
EndGlobal
